// !$*UTF8*$!
{
	archiveVersion = 1;
	classes = {
	};
	objectVersion = 46;
	objects = {

/* Begin PBXBuildFile section */
		323FCD371A9167E90016BC74 /* AppDelegate.swift in Sources */ = {isa = PBXBuildFile; fileRef = 323FCD361A9167E90016BC74 /* AppDelegate.swift */; };
		323FCD391A9167E90016BC74 /* ViewController.swift in Sources */ = {isa = PBXBuildFile; fileRef = 323FCD381A9167E90016BC74 /* ViewController.swift */; };
		323FCD3C1A9167E90016BC74 /* Main.storyboard in Resources */ = {isa = PBXBuildFile; fileRef = 323FCD3A1A9167E90016BC74 /* Main.storyboard */; };
		323FCD3E1A9167E90016BC74 /* Images.xcassets in Resources */ = {isa = PBXBuildFile; fileRef = 323FCD3D1A9167E90016BC74 /* Images.xcassets */; };
		323FCD411A9167E90016BC74 /* LaunchScreen.xib in Resources */ = {isa = PBXBuildFile; fileRef = 323FCD3F1A9167E90016BC74 /* LaunchScreen.xib */; };
		323FCD4D1A9167E90016BC74 /* PostcardTests.swift in Sources */ = {isa = PBXBuildFile; fileRef = 323FCD4C1A9167E90016BC74 /* PostcardTests.swift */; };
/* End PBXBuildFile section */

/* Begin PBXContainerItemProxy section */
		323FCD471A9167E90016BC74 /* PBXContainerItemProxy */ = {
			isa = PBXContainerItemProxy;
			containerPortal = 323FCD291A9167E90016BC74 /* Project object */;
			proxyType = 1;
			remoteGlobalIDString = 323FCD301A9167E90016BC74;
			remoteInfo = Postcard;
		};
/* End PBXContainerItemProxy section */

/* Begin PBXFileReference section */
		323FCD311A9167E90016BC74 /* Postcard.app */ = {isa = PBXFileReference; explicitFileType = wrapper.application; includeInIndex = 0; path = Postcard.app; sourceTree = BUILT_PRODUCTS_DIR; };
		323FCD351A9167E90016BC74 /* Info.plist */ = {isa = PBXFileReference; lastKnownFileType = text.plist.xml; path = Info.plist; sourceTree = "<group>"; };
		323FCD361A9167E90016BC74 /* AppDelegate.swift */ = {isa = PBXFileReference; lastKnownFileType = sourcecode.swift; path = AppDelegate.swift; sourceTree = "<group>"; };
		323FCD381A9167E90016BC74 /* ViewController.swift */ = {isa = PBXFileReference; lastKnownFileType = sourcecode.swift; path = ViewController.swift; sourceTree = "<group>"; };
		323FCD3B1A9167E90016BC74 /* Base */ = {isa = PBXFileReference; lastKnownFileType = file.storyboard; name = Base; path = Base.lproj/Main.storyboard; sourceTree = "<group>"; };
		323FCD3D1A9167E90016BC74 /* Images.xcassets */ = {isa = PBXFileReference; lastKnownFileType = folder.assetcatalog; path = Images.xcassets; sourceTree = "<group>"; };
		323FCD401A9167E90016BC74 /* Base */ = {isa = PBXFileReference; lastKnownFileType = file.xib; name = Base; path = Base.lproj/LaunchScreen.xib; sourceTree = "<group>"; };
		323FCD461A9167E90016BC74 /* PostcardTests.xctest */ = {isa = PBXFileReference; explicitFileType = wrapper.cfbundle; includeInIndex = 0; path = PostcardTests.xctest; sourceTree = BUILT_PRODUCTS_DIR; };
		323FCD4B1A9167E90016BC74 /* Info.plist */ = {isa = PBXFileReference; lastKnownFileType = text.plist.xml; path = Info.plist; sourceTree = "<group>"; };
		323FCD4C1A9167E90016BC74 /* PostcardTests.swift */ = {isa = PBXFileReference; lastKnownFileType = sourcecode.swift; path = PostcardTests.swift; sourceTree = "<group>"; };
/* End PBXFileReference section */

/* Begin PBXFrameworksBuildPhase section */
		323FCD2E1A9167E90016BC74 /* Frameworks */ = {
			isa = PBXFrameworksBuildPhase;
			buildActionMask = 2147483647;
			files = (
			);
			runOnlyForDeploymentPostprocessing = 0;
		};
		323FCD431A9167E90016BC74 /* Frameworks */ = {
			isa = PBXFrameworksBuildPhase;
			buildActionMask = 2147483647;
			files = (
			);
			runOnlyForDeploymentPostprocessing = 0;
		};
/* End PBXFrameworksBuildPhase section */

/* Begin PBXGroup section */
		323FCD281A9167E90016BC74 = {
			isa = PBXGroup;
			children = (
				323FCD331A9167E90016BC74 /* Postcard */,
				323FCD491A9167E90016BC74 /* PostcardTests */,
				323FCD321A9167E90016BC74 /* Products */,
			);
			sourceTree = "<group>";
		};
		323FCD321A9167E90016BC74 /* Products */ = {
			isa = PBXGroup;
			children = (
				323FCD311A9167E90016BC74 /* Postcard.app */,
				323FCD461A9167E90016BC74 /* PostcardTests.xctest */,
			);
			name = Products;
			sourceTree = "<group>";
		};
		323FCD331A9167E90016BC74 /* Postcard */ = {
			isa = PBXGroup;
			children = (
				323FCD361A9167E90016BC74 /* AppDelegate.swift */,
				323FCD381A9167E90016BC74 /* ViewController.swift */,
				323FCD3A1A9167E90016BC74 /* Main.storyboard */,
				323FCD3D1A9167E90016BC74 /* Images.xcassets */,
				323FCD3F1A9167E90016BC74 /* LaunchScreen.xib */,
				323FCD341A9167E90016BC74 /* Supporting Files */,
			);
			path = Postcard;
			sourceTree = "<group>";
		};
		323FCD341A9167E90016BC74 /* Supporting Files */ = {
			isa = PBXGroup;
			children = (
				323FCD351A9167E90016BC74 /* Info.plist */,
			);
			name = "Supporting Files";
			sourceTree = "<group>";
		};
		323FCD491A9167E90016BC74 /* PostcardTests */ = {
			isa = PBXGroup;
			children = (
				323FCD4C1A9167E90016BC74 /* PostcardTests.swift */,
				323FCD4A1A9167E90016BC74 /* Supporting Files */,
			);
			path = PostcardTests;
			sourceTree = "<group>";
		};
		323FCD4A1A9167E90016BC74 /* Supporting Files */ = {
			isa = PBXGroup;
			children = (
				323FCD4B1A9167E90016BC74 /* Info.plist */,
			);
			name = "Supporting Files";
			sourceTree = "<group>";
		};
/* End PBXGroup section */

/* Begin PBXNativeTarget section */
		323FCD301A9167E90016BC74 /* Postcard */ = {
			isa = PBXNativeTarget;
			buildConfigurationList = 323FCD501A9167E90016BC74 /* Build configuration list for PBXNativeTarget "Postcard" */;
			buildPhases = (
				323FCD2D1A9167E90016BC74 /* Sources */,
				323FCD2E1A9167E90016BC74 /* Frameworks */,
				323FCD2F1A9167E90016BC74 /* Resources */,
			);
			buildRules = (
			);
			dependencies = (
			);
			name = Postcard;
			productName = Postcard;
			productReference = 323FCD311A9167E90016BC74 /* Postcard.app */;
			productType = "com.apple.product-type.application";
		};
		323FCD451A9167E90016BC74 /* PostcardTests */ = {
			isa = PBXNativeTarget;
			buildConfigurationList = 323FCD531A9167E90016BC74 /* Build configuration list for PBXNativeTarget "PostcardTests" */;
			buildPhases = (
				323FCD421A9167E90016BC74 /* Sources */,
				323FCD431A9167E90016BC74 /* Frameworks */,
				323FCD441A9167E90016BC74 /* Resources */,
			);
			buildRules = (
			);
			dependencies = (
				323FCD481A9167E90016BC74 /* PBXTargetDependency */,
			);
			name = PostcardTests;
			productName = PostcardTests;
			productReference = 323FCD461A9167E90016BC74 /* PostcardTests.xctest */;
			productType = "com.apple.product-type.bundle.unit-test";
		};
/* End PBXNativeTarget section */

/* Begin PBXProject section */
		323FCD291A9167E90016BC74 /* Project object */ = {
			isa = PBXProject;
			attributes = {
				LastUpgradeCheck = 0610;
				ORGANIZATIONNAME = hoapham;
				TargetAttributes = {
					323FCD301A9167E90016BC74 = {
						CreatedOnToolsVersion = 6.1.1;
					};
					323FCD451A9167E90016BC74 = {
						CreatedOnToolsVersion = 6.1.1;
						TestTargetID = 323FCD301A9167E90016BC74;
					};
				};
			};
			buildConfigurationList = 323FCD2C1A9167E90016BC74 /* Build configuration list for PBXProject "Postcard" */;
			compatibilityVersion = "Xcode 3.2";
			developmentRegion = English;
			hasScannedForEncodings = 0;
			knownRegions = (
				en,
				Base,
			);
			mainGroup = 323FCD281A9167E90016BC74;
			productRefGroup = 323FCD321A9167E90016BC74 /* Products */;
			projectDirPath = "";
			projectRoot = "";
			targets = (
				323FCD301A9167E90016BC74 /* Postcard */,
				323FCD451A9167E90016BC74 /* PostcardTests */,
			);
		};
/* End PBXProject section */

/* Begin PBXResourcesBuildPhase section */
		323FCD2F1A9167E90016BC74 /* Resources */ = {
			isa = PBXResourcesBuildPhase;
			buildActionMask = 2147483647;
			files = (
				323FCD3C1A9167E90016BC74 /* Main.storyboard in Resources */,
				323FCD411A9167E90016BC74 /* LaunchScreen.xib in Resources */,
				323FCD3E1A9167E90016BC74 /* Images.xcassets in Resources */,
			);
			runOnlyForDeploymentPostprocessing = 0;
		};
		323FCD441A9167E90016BC74 /* Resources */ = {
			isa = PBXResourcesBuildPhase;
			buildActionMask = 2147483647;
			files = (
			);
			runOnlyForDeploymentPostprocessing = 0;
		};
/* End PBXResourcesBuildPhase section */

/* Begin PBXSourcesBuildPhase section */
		323FCD2D1A9167E90016BC74 /* Sources */ = {
			isa = PBXSourcesBuildPhase;
			buildActionMask = 2147483647;
			files = (
				323FCD391A9167E90016BC74 /* ViewController.swift in Sources */,
				323FCD371A9167E90016BC74 /* AppDelegate.swift in Sources */,
			);
			runOnlyForDeploymentPostprocessing = 0;
		};
		323FCD421A9167E90016BC74 /* Sources */ = {
			isa = PBXSourcesBuildPhase;
			buildActionMask = 2147483647;
			files = (
				323FCD4D1A9167E90016BC74 /* PostcardTests.swift in Sources */,
			);
			runOnlyForDeploymentPostprocessing = 0;
		};
/* End PBXSourcesBuildPhase section */

/* Begin PBXTargetDependency section */
		323FCD481A9167E90016BC74 /* PBXTargetDependency */ = {
			isa = PBXTargetDependency;
			target = 323FCD301A9167E90016BC74 /* Postcard */;
			targetProxy = 323FCD471A9167E90016BC74 /* PBXContainerItemProxy */;
		};
/* End PBXTargetDependency section */

/* Begin PBXVariantGroup section */
		323FCD3A1A9167E90016BC74 /* Main.storyboard */ = {
			isa = PBXVariantGroup;
			children = (
				323FCD3B1A9167E90016BC74 /* Base */,
			);
			name = Main.storyboard;
			sourceTree = "<group>";
		};
		323FCD3F1A9167E90016BC74 /* LaunchScreen.xib */ = {
			isa = PBXVariantGroup;
			children = (
				323FCD401A9167E90016BC74 /* Base */,
			);
			name = LaunchScreen.xib;
			sourceTree = "<group>";
		};
/* End PBXVariantGroup section */

/* Begin XCBuildConfiguration section */
		323FCD4E1A9167E90016BC74 /* Debug */ = {
			isa = XCBuildConfiguration;
			buildSettings = {
				ALWAYS_SEARCH_USER_PATHS = NO;
				CLANG_CXX_LANGUAGE_STANDARD = "gnu++0x";
				CLANG_CXX_LIBRARY = "libc++";
				CLANG_ENABLE_MODULES = YES;
				CLANG_ENABLE_OBJC_ARC = YES;
				CLANG_WARN_BOOL_CONVERSION = YES;
				CLANG_WARN_CONSTANT_CONVERSION = YES;
				CLANG_WARN_DIRECT_OBJC_ISA_USAGE = YES_ERROR;
				CLANG_WARN_EMPTY_BODY = YES;
				CLANG_WARN_ENUM_CONVERSION = YES;
				CLANG_WARN_INT_CONVERSION = YES;
				CLANG_WARN_OBJC_ROOT_CLASS = YES_ERROR;
				CLANG_WARN_UNREACHABLE_CODE = YES;
				CLANG_WARN__DUPLICATE_METHOD_MATCH = YES;
				"CODE_SIGN_IDENTITY[sdk=iphoneos*]" = "iPhone Developer";
				COPY_PHASE_STRIP = NO;
				ENABLE_STRICT_OBJC_MSGSEND = YES;
				GCC_C_LANGUAGE_STANDARD = gnu99;
				GCC_DYNAMIC_NO_PIC = NO;
				GCC_OPTIMIZATION_LEVEL = 0;
				GCC_PREPROCESSOR_DEFINITIONS = (
					"DEBUG=1",
					"$(inherited)",
				);
				GCC_SYMBOLS_PRIVATE_EXTERN = NO;
				GCC_WARN_64_TO_32_BIT_CONVERSION = YES;
				GCC_WARN_ABOUT_RETURN_TYPE = YES_ERROR;
				GCC_WARN_UNDECLARED_SELECTOR = YES;
				GCC_WARN_UNINITIALIZED_AUTOS = YES_AGGRESSIVE;
				GCC_WARN_UNUSED_FUNCTION = YES;
				GCC_WARN_UNUSED_VARIABLE = YES;
				IPHONEOS_DEPLOYMENT_TARGET = 8.1;
				MTL_ENABLE_DEBUG_INFO = YES;
				ONLY_ACTIVE_ARCH = YES;
				SDKROOT = iphoneos;
				SWIFT_OPTIMIZATION_LEVEL = "-Onone";
			};
			name = Debug;
		};
		323FCD4F1A9167E90016BC74 /* Release */ = {
			isa = XCBuildConfiguration;
			buildSettings = {
				ALWAYS_SEARCH_USER_PATHS = NO;
				CLANG_CXX_LANGUAGE_STANDARD = "gnu++0x";
				CLANG_CXX_LIBRARY = "libc++";
				CLANG_ENABLE_MODULES = YES;
				CLANG_ENABLE_OBJC_ARC = YES;
				CLANG_WARN_BOOL_CONVERSION = YES;
				CLANG_WARN_CONSTANT_CONVERSION = YES;
				CLANG_WARN_DIRECT_OBJC_ISA_USAGE = YES_ERROR;
				CLANG_WARN_EMPTY_BODY = YES;
				CLANG_WARN_ENUM_CONVERSION = YES;
				CLANG_WARN_INT_CONVERSION = YES;
				CLANG_WARN_OBJC_ROOT_CLASS = YES_ERROR;
				CLANG_WARN_UNREACHABLE_CODE = YES;
				CLANG_WARN__DUPLICATE_METHOD_MATCH = YES;
				"CODE_SIGN_IDENTITY[sdk=iphoneos*]" = "iPhone Developer";
				COPY_PHASE_STRIP = YES;
				ENABLE_NS_ASSERTIONS = NO;
				ENABLE_STRICT_OBJC_MSGSEND = YES;
				GCC_C_LANGUAGE_STANDARD = gnu99;
				GCC_WARN_64_TO_32_BIT_CONVERSION = YES;
				GCC_WARN_ABOUT_RETURN_TYPE = YES_ERROR;
				GCC_WARN_UNDECLARED_SELECTOR = YES;
				GCC_WARN_UNINITIALIZED_AUTOS = YES_AGGRESSIVE;
				GCC_WARN_UNUSED_FUNCTION = YES;
				GCC_WARN_UNUSED_VARIABLE = YES;
				IPHONEOS_DEPLOYMENT_TARGET = 8.1;
				MTL_ENABLE_DEBUG_INFO = NO;
				SDKROOT = iphoneos;
				VALIDATE_PRODUCT = YES;
			};
			name = Release;
		};
		323FCD511A9167E90016BC74 /* Debug */ = {
			isa = XCBuildConfiguration;
			buildSettings = {
				ASSETCATALOG_COMPILER_APPICON_NAME = AppIcon;
				INFOPLIST_FILE = Postcard/Info.plist;
				LD_RUNPATH_SEARCH_PATHS = "$(inherited) @executable_path/Frameworks";
				PRODUCT_NAME = "$(TARGET_NAME)";
			};
			name = Debug;
		};
		323FCD521A9167E90016BC74 /* Release */ = {
			isa = XCBuildConfiguration;
			buildSettings = {
				ASSETCATALOG_COMPILER_APPICON_NAME = AppIcon;
				INFOPLIST_FILE = Postcard/Info.plist;
				LD_RUNPATH_SEARCH_PATHS = "$(inherited) @executable_path/Frameworks";
				PRODUCT_NAME = "$(TARGET_NAME)";
			};
			name = Release;
		};
		323FCD541A9167E90016BC74 /* Debug */ = {
			isa = XCBuildConfiguration;
			buildSettings = {
				BUNDLE_LOADER = "$(TEST_HOST)";
				FRAMEWORK_SEARCH_PATHS = (
					"$(SDKROOT)/Developer/Library/Frameworks",
					"$(inherited)",
				);
				GCC_PREPROCESSOR_DEFINITIONS = (
					"DEBUG=1",
					"$(inherited)",
				);
				INFOPLIST_FILE = PostcardTests/Info.plist;
				LD_RUNPATH_SEARCH_PATHS = "$(inherited) @executable_path/Frameworks @loader_path/Frameworks";
				PRODUCT_NAME = "$(TARGET_NAME)";
				TEST_HOST = "$(BUILT_PRODUCTS_DIR)/Postcard.app/Postcard";
			};
			name = Debug;
		};
		323FCD551A9167E90016BC74 /* Release */ = {
			isa = XCBuildConfiguration;
			buildSettings = {
				BUNDLE_LOADER = "$(TEST_HOST)";
				FRAMEWORK_SEARCH_PATHS = (
					"$(SDKROOT)/Developer/Library/Frameworks",
					"$(inherited)",
				);
				INFOPLIST_FILE = PostcardTests/Info.plist;
				LD_RUNPATH_SEARCH_PATHS = "$(inherited) @executable_path/Frameworks @loader_path/Frameworks";
				PRODUCT_NAME = "$(TARGET_NAME)";
				TEST_HOST = "$(BUILT_PRODUCTS_DIR)/Postcard.app/Postcard";
			};
			name = Release;
		};
/* End XCBuildConfiguration section */

/* Begin XCConfigurationList section */
		323FCD2C1A9167E90016BC74 /* Build configuration list for PBXProject "Postcard" */ = {
			isa = XCConfigurationList;
			buildConfigurations = (
				323FCD4E1A9167E90016BC74 /* Debug */,
				323FCD4F1A9167E90016BC74 /* Release */,
			);
			defaultConfigurationIsVisible = 0;
			defaultConfigurationName = Release;
		};
		323FCD501A9167E90016BC74 /* Build configuration list for PBXNativeTarget "Postcard" */ = {
			isa = XCConfigurationList;
			buildConfigurations = (
				323FCD511A9167E90016BC74 /* Debug */,
				323FCD521A9167E90016BC74 /* Release */,
			);
			defaultConfigurationIsVisible = 0;
		};
		323FCD531A9167E90016BC74 /* Build configuration list for PBXNativeTarget "PostcardTests" */ = {
			isa = XCConfigurationList;
			buildConfigurations = (
				323FCD541A9167E90016BC74 /* Debug */,
				323FCD551A9167E90016BC74 /* Release */,
			);
			defaultConfigurationIsVisible = 0;
		};
/* End XCConfigurationList section */
	};
	rootObject = 323FCD291A9167E90016BC74 /* Project object */;
}
